
Microsoft Visual Studio Solution File, Format Version 12.00
# Visual Studio 15
VisualStudioVersion = 15.0.28307.329
MinimumVisualStudioVersion = 10.0.40219.1
Project("{FAE04EC0-301F-11D3-BF4B-00C04F79EFBC}") = "NavalBattle", "NavalBattle\NavalBattle.csproj", "{E5C26AD3-FE76-4392-8CE0-EDC5CAB8E496}"
EndProject
Global
	GlobalSection(SolutionConfigurationPlatforms) = preSolution
		Debug|Any CPU = Debug|Any CPU
		Release|Any CPU = Release|Any CPU
	EndGlobalSection
	GlobalSection(ProjectConfigurationPlatforms) = postSolution
		{E5C26AD3-FE76-4392-8CE0-EDC5CAB8E496}.Debug|Any CPU.ActiveCfg = Debug|Any CPU
		{E5C26AD3-FE76-4392-8CE0-EDC5CAB8E496}.Debug|Any CPU.Build.0 = Debug|Any CPU
		{E5C26AD3-FE76-4392-8CE0-EDC5CAB8E496}.Release|Any CPU.ActiveCfg = Release|Any CPU
		{E5C26AD3-FE76-4392-8CE0-EDC5CAB8E496}.Release|Any CPU.Build.0 = Release|Any CPU
	EndGlobalSection
	GlobalSection(SolutionProperties) = preSolution
		HideSolutionNode = FALSE
	EndGlobalSection
	GlobalSection(ExtensibilityGlobals) = postSolution
		SolutionGuid = {73F94B89-FE9C-481A-B3C9-42C9FD2E5762}
	EndGlobalSection
EndGlobal
